
Microsoft Visual Studio Solution File, Format Version 12.00
# Visual Studio Version 16
VisualStudioVersion = 16.0.29326.143
MinimumVisualStudioVersion = 10.0.40219.1
Project("{FAE04EC0-301F-11D3-BF4B-00C04F79EFBC}") = "Jerry El Simulador de intentos", "Jerry El Simulador de intentos\Jerry El Simulador de intentos.csproj", "{5C8D2976-3F11-460D-A6C2-81988EF45925}"
EndProject
Global
	GlobalSection(SolutionConfigurationPlatforms) = preSolution
		Debug|Any CPU = Debug|Any CPU
		Release|Any CPU = Release|Any CPU
	EndGlobalSection
	GlobalSection(ProjectConfigurationPlatforms) = postSolution
		{5C8D2976-3F11-460D-A6C2-81988EF45925}.Debug|Any CPU.ActiveCfg = Debug|Any CPU
		{5C8D2976-3F11-460D-A6C2-81988EF45925}.Debug|Any CPU.Build.0 = Debug|Any CPU
		{5C8D2976-3F11-460D-A6C2-81988EF45925}.Release|Any CPU.ActiveCfg = Release|Any CPU
		{5C8D2976-3F11-460D-A6C2-81988EF45925}.Release|Any CPU.Build.0 = Release|Any CPU
	EndGlobalSection
	GlobalSection(SolutionProperties) = preSolution
		HideSolutionNode = FALSE
	EndGlobalSection
	GlobalSection(ExtensibilityGlobals) = postSolution
		SolutionGuid = {F5B57895-8BD9-4681-AA21-1ABD2AC93B04}
	EndGlobalSection
EndGlobal
